
Microsoft Visual Studio Solution File, Format Version 12.00
Project("{FAE04EC0-301F-11D3-BF4B-00C04F79EFBC}") = "RatingService", "RatingService\RatingService.csproj", "{E4323184-95C8-49D5-8ED0-25887EFAD41A}"
EndProject
Project("{FAE04EC0-301F-11D3-BF4B-00C04F79EFBC}") = "RatingService.Test", "RatingService.Test\RatingService.Test.csproj", "{718EDEB5-FA3A-45E2-9EB1-9F8722EA94F7}"
EndProject
Global
	GlobalSection(SolutionConfigurationPlatforms) = preSolution
		Debug|Any CPU = Debug|Any CPU
		Release|Any CPU = Release|Any CPU
	EndGlobalSection
	GlobalSection(ProjectConfigurationPlatforms) = postSolution
		{E4323184-95C8-49D5-8ED0-25887EFAD41A}.Debug|Any CPU.ActiveCfg = Debug|Any CPU
		{E4323184-95C8-49D5-8ED0-25887EFAD41A}.Debug|Any CPU.Build.0 = Debug|Any CPU
		{E4323184-95C8-49D5-8ED0-25887EFAD41A}.Release|Any CPU.ActiveCfg = Release|Any CPU
		{E4323184-95C8-49D5-8ED0-25887EFAD41A}.Release|Any CPU.Build.0 = Release|Any CPU
		{718EDEB5-FA3A-45E2-9EB1-9F8722EA94F7}.Debug|Any CPU.ActiveCfg = Debug|Any CPU
		{718EDEB5-FA3A-45E2-9EB1-9F8722EA94F7}.Debug|Any CPU.Build.0 = Debug|Any CPU
		{718EDEB5-FA3A-45E2-9EB1-9F8722EA94F7}.Release|Any CPU.ActiveCfg = Release|Any CPU
		{718EDEB5-FA3A-45E2-9EB1-9F8722EA94F7}.Release|Any CPU.Build.0 = Release|Any CPU
	EndGlobalSection
EndGlobal
